
Microsoft Visual Studio Solution File, Format Version 12.00
# Visual Studio Version 16
VisualStudioVersion = 16.0.34301.259
MinimumVisualStudioVersion = 10.0.40219.1
Project("{9A19103F-16F7-4668-BE54-9A1E7A4F7556}") = "LethalParrying", "LethalParrying.csproj", "{1E4A41FB-BCA7-495E-B84C-8AFF7CED18E7}"
EndProject
Global
	GlobalSection(SolutionConfigurationPlatforms) = preSolution
		Debug|Any CPU = Debug|Any CPU
		Release|Any CPU = Release|Any CPU
	EndGlobalSection
	GlobalSection(ProjectConfigurationPlatforms) = postSolution
		{1E4A41FB-BCA7-495E-B84C-8AFF7CED18E7}.Debug|Any CPU.ActiveCfg = Debug|Any CPU
		{1E4A41FB-BCA7-495E-B84C-8AFF7CED18E7}.Debug|Any CPU.Build.0 = Debug|Any CPU
		{1E4A41FB-BCA7-495E-B84C-8AFF7CED18E7}.Release|Any CPU.ActiveCfg = Release|Any CPU
		{1E4A41FB-BCA7-495E-B84C-8AFF7CED18E7}.Release|Any CPU.Build.0 = Release|Any CPU
	EndGlobalSection
	GlobalSection(SolutionProperties) = preSolution
		HideSolutionNode = FALSE
	EndGlobalSection
	GlobalSection(ExtensibilityGlobals) = postSolution
		SolutionGuid = {27AFD9F0-C289-47ED-B828-4471AAAA7426}
	EndGlobalSection
EndGlobal
